lockfileVersion: '9.0'

settings:
  autoInstallPeers: true
  excludeLinksFromLockfile: false

importers:

  .:
    dependencies:
      '@zylo23/npm-template':
        specifier: file:.yalc/@zylo23/npm-template
        version: file:.yalc/@zylo23/npm-template

packages:

  '@zylo23/npm-template@file:.yalc/@zylo23/npm-template':
    resolution: {directory: .yalc/@zylo23/npm-template, type: directory}

snapshots:

  '@zylo23/npm-template@file:.yalc/@zylo23/npm-template': {}
